
Microsoft Visual Studio Solution File, Format Version 12.00
# Visual Studio Version 16
VisualStudioVersion = 25.0.1705.3
MinimumVisualStudioVersion = 10.0.40219.1
Project("{FAE04EC0-301F-11D3-BF4B-00C04F79EFBC}") = "SuperMarketPricingTest", "SuperMarketPricingTest\SuperMarketPricingTest.csproj", "{0FB93B2B-11FF-4028-9774-85F5A650110D}"
EndProject
Project("{FAE04EC0-301F-11D3-BF4B-00C04F79EFBC}") = "Domain", "Domain\Domain.csproj", "{15EB537F-5A69-4819-90D5-70A3FBF61A83}"
EndProject
Project("{FAE04EC0-301F-11D3-BF4B-00C04F79EFBC}") = "Business", "Business\Business.csproj", "{DA9A8C8D-1263-4FD0-A32C-D75D553AD016}"
EndProject
Global
	GlobalSection(SolutionConfigurationPlatforms) = preSolution
		Debug|Any CPU = Debug|Any CPU
		Release|Any CPU = Release|Any CPU
	EndGlobalSection
	GlobalSection(ProjectConfigurationPlatforms) = postSolution
		{0FB93B2B-11FF-4028-9774-85F5A650110D}.Debug|Any CPU.ActiveCfg = Debug|Any CPU
		{0FB93B2B-11FF-4028-9774-85F5A650110D}.Debug|Any CPU.Build.0 = Debug|Any CPU
		{0FB93B2B-11FF-4028-9774-85F5A650110D}.Release|Any CPU.ActiveCfg = Release|Any CPU
		{0FB93B2B-11FF-4028-9774-85F5A650110D}.Release|Any CPU.Build.0 = Release|Any CPU
		{15EB537F-5A69-4819-90D5-70A3FBF61A83}.Debug|Any CPU.ActiveCfg = Debug|Any CPU
		{15EB537F-5A69-4819-90D5-70A3FBF61A83}.Debug|Any CPU.Build.0 = Debug|Any CPU
		{15EB537F-5A69-4819-90D5-70A3FBF61A83}.Release|Any CPU.ActiveCfg = Release|Any CPU
		{15EB537F-5A69-4819-90D5-70A3FBF61A83}.Release|Any CPU.Build.0 = Release|Any CPU
		{DA9A8C8D-1263-4FD0-A32C-D75D553AD016}.Debug|Any CPU.ActiveCfg = Debug|Any CPU
		{DA9A8C8D-1263-4FD0-A32C-D75D553AD016}.Debug|Any CPU.Build.0 = Debug|Any CPU
		{DA9A8C8D-1263-4FD0-A32C-D75D553AD016}.Release|Any CPU.ActiveCfg = Release|Any CPU
		{DA9A8C8D-1263-4FD0-A32C-D75D553AD016}.Release|Any CPU.Build.0 = Release|Any CPU
	EndGlobalSection
	GlobalSection(SolutionProperties) = preSolution
		HideSolutionNode = FALSE
	EndGlobalSection
	GlobalSection(ExtensibilityGlobals) = postSolution
		SolutionGuid = {03F3D8E8-5B92-4BBB-B59E-20E60316A15B}
	EndGlobalSection
EndGlobal
